
Microsoft Visual Studio Solution File, Format Version 12.00
# Visual Studio Version 17
VisualStudioVersion = 17.11.35327.3
MinimumVisualStudioVersion = 10.0.40219.1
Project("{FAE04EC0-301F-11D3-BF4B-00C04F79EFBC}") = "Ucenje", "Ucenje\Ucenje.csproj", "{05C384F7-98BC-4F44-B783-94655D6D782D}"
EndProject
Global
	GlobalSection(SolutionConfigurationPlatforms) = preSolution
		Debug|Any CPU = Debug|Any CPU
		Release|Any CPU = Release|Any CPU
	EndGlobalSection
	GlobalSection(ProjectConfigurationPlatforms) = postSolution
		{05C384F7-98BC-4F44-B783-94655D6D782D}.Debug|Any CPU.ActiveCfg = Debug|Any CPU
		{05C384F7-98BC-4F44-B783-94655D6D782D}.Debug|Any CPU.Build.0 = Debug|Any CPU
		{05C384F7-98BC-4F44-B783-94655D6D782D}.Release|Any CPU.ActiveCfg = Release|Any CPU
		{05C384F7-98BC-4F44-B783-94655D6D782D}.Release|Any CPU.Build.0 = Release|Any CPU
	EndGlobalSection
	GlobalSection(SolutionProperties) = preSolution
		HideSolutionNode = FALSE
	EndGlobalSection
	GlobalSection(ExtensibilityGlobals) = postSolution
		SolutionGuid = {8BE57D3B-AE24-4B19-A5BF-DE34C4097264}
	EndGlobalSection
EndGlobal
